// !$*UTF8*$!
{
	archiveVersion = 1;
	classes = {
	};
	objectVersion = 55;
	objects = {

/* Begin PBXBuildFile section */
		D906B9C627F2CF75000E688F /* LoadScreenController.swift in Sources */ = {isa = PBXBuildFile; fileRef = D906B9C527F2CF75000E688F /* LoadScreenController.swift */; };
		D906B9C827F2DAEF000E688F /* HourlyTableCell.swift in Sources */ = {isa = PBXBuildFile; fileRef = D906B9C727F2DAEF000E688F /* HourlyTableCell.swift */; };
		D906B9CC27F2DCB2000E688F /* HourCollectionCell.swift in Sources */ = {isa = PBXBuildFile; fileRef = D906B9CB27F2DCB2000E688F /* HourCollectionCell.swift */; };
		D906B9D027F321AE000E688F /* Constants.swift in Sources */ = {isa = PBXBuildFile; fileRef = D906B9CF27F321AE000E688F /* Constants.swift */; };
		D91C445829829887001275AE /* WeatherTableCellModel.swift in Sources */ = {isa = PBXBuildFile; fileRef = D91C445729829887001275AE /* WeatherTableCellModel.swift */; };
		D91C445A298298B5001275AE /* ForecastLoadModel.swift in Sources */ = {isa = PBXBuildFile; fileRef = D91C4459298298B5001275AE /* ForecastLoadModel.swift */; };
		D91C445C29829938001275AE /* MoreInfoCellViewModel.swift in Sources */ = {isa = PBXBuildFile; fileRef = D91C445B29829938001275AE /* MoreInfoCellViewModel.swift */; };
		D91C445E298299E9001275AE /* MoreInfoItemType.swift in Sources */ = {isa = PBXBuildFile; fileRef = D91C445D298299E9001275AE /* MoreInfoItemType.swift */; };
		D927CC4527D337D900E25DF5 /* AppDelegate.swift in Sources */ = {isa = PBXBuildFile; fileRef = D927CC4427D337D900E25DF5 /* AppDelegate.swift */; };
		D927CC4927D337D900E25DF5 /* WeatherViewController.swift in Sources */ = {isa = PBXBuildFile; fileRef = D927CC4827D337D900E25DF5 /* WeatherViewController.swift */; };
		D927CC4E27D337DA00E25DF5 /* Assets.xcassets in Resources */ = {isa = PBXBuildFile; fileRef = D927CC4D27D337DA00E25DF5 /* Assets.xcassets */; };
		D927CC6527D3440000E25DF5 /* AnchorExtension.swift in Sources */ = {isa = PBXBuildFile; fileRef = D927CC6427D3440000E25DF5 /* AnchorExtension.swift */; };
		D927CC7627D61EC900E25DF5 /* DailyForecastCell.swift in Sources */ = {isa = PBXBuildFile; fileRef = D927CC7527D61EC900E25DF5 /* DailyForecastCell.swift */; };
		D936D45A29A4DC3500BE20F5 /* MockForecastModel.swift in Sources */ = {isa = PBXBuildFile; fileRef = D936D45929A4DC3500BE20F5 /* MockForecastModel.swift */; };
		D940FEA12941A4AF0056F852 /* Collection+Additions.swift in Sources */ = {isa = PBXBuildFile; fileRef = D940FEA02941A4AF0056F852 /* Collection+Additions.swift */; };
		D94CF7D127D728E8008304E8 /* Localizable.strings in Resources */ = {isa = PBXBuildFile; fileRef = D94CF7D327D728E8008304E8 /* Localizable.strings */; };
		D953A51D29B2212900702B27 /* ZoomingAnimateLifeCycle.swift in Sources */ = {isa = PBXBuildFile; fileRef = D953A51C29B2212900702B27 /* ZoomingAnimateLifeCycle.swift */; };
		D953A51F29B2252E00702B27 /* IdentifierExtensions.swift in Sources */ = {isa = PBXBuildFile; fileRef = D953A51E29B2252E00702B27 /* IdentifierExtensions.swift */; };
		D961769127FABC9200CD604E /* WeatherViewModelImpl.swift in Sources */ = {isa = PBXBuildFile; fileRef = D961769027FABC9200CD604E /* WeatherViewModelImpl.swift */; };
		D961769927FB3D1A00CD604E /* FavoriteCityCellViewModel.swift in Sources */ = {isa = PBXBuildFile; fileRef = D961769827FB3D1A00CD604E /* FavoriteCityCellViewModel.swift */; };
		D96A0BBB29813B76008466BA /* WeatherScreenCoordinator.swift in Sources */ = {isa = PBXBuildFile; fileRef = D96A0BBA29813B76008466BA /* WeatherScreenCoordinator.swift */; };
		D96A0BBD29813DB5008466BA /* LoadScreenFactory.swift in Sources */ = {isa = PBXBuildFile; fileRef = D96A0BBC29813DB5008466BA /* LoadScreenFactory.swift */; };
		D96A0BBF29814348008466BA /* LoadScreenCoordinatorLogic.swift in Sources */ = {isa = PBXBuildFile; fileRef = D96A0BBE29814348008466BA /* LoadScreenCoordinatorLogic.swift */; };
		D96A0BC129814FB5008466BA /* WeatherScreenFactory.swift in Sources */ = {isa = PBXBuildFile; fileRef = D96A0BC029814FB5008466BA /* WeatherScreenFactory.swift */; };
		D96A0BC3298158B0008466BA /* FavoritesScreenCoordinator.swift in Sources */ = {isa = PBXBuildFile; fileRef = D96A0BC2298158B0008466BA /* FavoritesScreenCoordinator.swift */; };
		D96A0BC5298158C2008466BA /* FavoritesScreenFactory.swift in Sources */ = {isa = PBXBuildFile; fileRef = D96A0BC4298158C2008466BA /* FavoritesScreenFactory.swift */; };
		D96A0BC7298162A8008466BA /* FavoritesSearchDelegate.swift in Sources */ = {isa = PBXBuildFile; fileRef = D96A0BC6298162A8008466BA /* FavoritesSearchDelegate.swift */; };
		D96A0BC9298175DE008466BA /* HourCollectionCellViewModel.swift in Sources */ = {isa = PBXBuildFile; fileRef = D96A0BC8298175DE008466BA /* HourCollectionCellViewModel.swift */; };
		D96A0BCB29817BC1008466BA /* DailyForecastCellViewModel.swift in Sources */ = {isa = PBXBuildFile; fileRef = D96A0BCA29817BC1008466BA /* DailyForecastCellViewModel.swift */; };
		D96F047827FEABBC00F066FE /* ResultTableViewModel.swift in Sources */ = {isa = PBXBuildFile; fileRef = D96F047727FEABBC00F066FE /* ResultTableViewModel.swift */; };
		D976F0B72940A83C0062B90A /* BaseCoordinator.swift in Sources */ = {isa = PBXBuildFile; fileRef = D976F0B62940A83C0062B90A /* BaseCoordinator.swift */; };
		D976F0BB2940AADA0062B90A /* AppCoordinator.swift in Sources */ = {isa = PBXBuildFile; fileRef = D976F0BA2940AADA0062B90A /* AppCoordinator.swift */; };
		D97A019D27F6CAA900F718CD /* Bindable.swift in Sources */ = {isa = PBXBuildFile; fileRef = D97A019C27F6CAA900F718CD /* Bindable.swift */; };
		D97A01A027F6CB5100F718CD /* FavoritesViewModel.swift in Sources */ = {isa = PBXBuildFile; fileRef = D97A019F27F6CB5100F718CD /* FavoritesViewModel.swift */; };
		D97A01A227F6D26500F718CD /* CitiesParseManager.swift in Sources */ = {isa = PBXBuildFile; fileRef = D97A01A127F6D26500F718CD /* CitiesParseManager.swift */; };
		D97A01A927F704E600F718CD /* ResultTable.swift in Sources */ = {isa = PBXBuildFile; fileRef = D97A01A827F704E600F718CD /* ResultTable.swift */; };
		D97A01AC27F708A600F718CD /* SearchCell.swift in Sources */ = {isa = PBXBuildFile; fileRef = D97A01AB27F708A600F718CD /* SearchCell.swift */; };
		D97A01AE27F708EC00F718CD /* FavoriteCityCell.swift in Sources */ = {isa = PBXBuildFile; fileRef = D97A01AD27F708EC00F718CD /* FavoriteCityCell.swift */; };
		D97C973129780D4700E45993 /* ForecastModel.swift in Sources */ = {isa = PBXBuildFile; fileRef = D97C973029780D4700E45993 /* ForecastModel.swift */; };
		D97DBEBB299FBCD500DE68F6 /* ZoomTransitionDelegate.swift in Sources */ = {isa = PBXBuildFile; fileRef = D97DBEBA299FBCD500DE68F6 /* ZoomTransitionDelegate.swift */; };
		D9820C8C29AE637600B29BFD /* TableViewTransitionToCell.swift in Sources */ = {isa = PBXBuildFile; fileRef = D9820C8B29AE637600B29BFD /* TableViewTransitionToCell.swift */; };
		D9820C8E29AEAB6000B29BFD /* ApiClient.swift in Sources */ = {isa = PBXBuildFile; fileRef = D9820C8D29AEAB6000B29BFD /* ApiClient.swift */; };
		D9820C9129AEACB000B29BFD /* Request.swift in Sources */ = {isa = PBXBuildFile; fileRef = D9820C9029AEACB000B29BFD /* Request.swift */; };
		D9820C9329AEACDE00B29BFD /* OpenWeatherOneCallClient.swift in Sources */ = {isa = PBXBuildFile; fileRef = D9820C9229AEACDE00B29BFD /* OpenWeatherOneCallClient.swift */; };
		D99CE60D281BEDF7000569E8 /* Coordinator.swift in Sources */ = {isa = PBXBuildFile; fileRef = D99CE60C281BEDF7000569E8 /* Coordinator.swift */; };
		D99CE61728216654000569E8 /* TableViewTransitionFromCell.swift in Sources */ = {isa = PBXBuildFile; fileRef = D99CE61628216654000569E8 /* TableViewTransitionFromCell.swift */; };
		D9A2ACD729AF4907000A5A04 /* OpenWeatherImageApiClient.swift in Sources */ = {isa = PBXBuildFile; fileRef = D9A2ACD629AF4907000A5A04 /* OpenWeatherImageApiClient.swift */; };
		D9A2ACDB29AF562C000A5A04 /* FavoritesListUpdateChecker.swift in Sources */ = {isa = PBXBuildFile; fileRef = D9A2ACDA29AF562C000A5A04 /* FavoritesListUpdateChecker.swift */; };
		D9A30E4227DB0FEB001903E1 /* FavoritesController.swift in Sources */ = {isa = PBXBuildFile; fileRef = D9A30E4127DB0FEB001903E1 /* FavoritesController.swift */; };
		D9A30E4C27DB6BCE001903E1 /* WeatherView.swift in Sources */ = {isa = PBXBuildFile; fileRef = D9A30E4B27DB6BCE001903E1 /* WeatherView.swift */; };
		D9A30E4E27DB8827001903E1 /* MoreInfoCell.swift in Sources */ = {isa = PBXBuildFile; fileRef = D9A30E4D27DB8827001903E1 /* MoreInfoCell.swift */; };
		D9A30E5027DB90DB001903E1 /* MoreInfoCollectionCell.swift in Sources */ = {isa = PBXBuildFile; fileRef = D9A30E4F27DB90DB001903E1 /* MoreInfoCollectionCell.swift */; };
		D9B6D7F52804415300562728 /* SearchCellViewModel.swift in Sources */ = {isa = PBXBuildFile; fileRef = D9B6D7F42804415300562728 /* SearchCellViewModel.swift */; };
		D9BA52872810011B001F9411 /* FavouritesManager.swift in Sources */ = {isa = PBXBuildFile; fileRef = D9BA52862810011B001F9411 /* FavouritesManager.swift */; };
		D9BD10E82805504400BA0138 /* ForecastResponseModel.swift in Sources */ = {isa = PBXBuildFile; fileRef = D9BD10E72805504400BA0138 /* ForecastResponseModel.swift */; };
		D9C466A72808495400A33A38 /* VisualWeatherModel.swift in Sources */ = {isa = PBXBuildFile; fileRef = D9C466A62808495400A33A38 /* VisualWeatherModel.swift */; };
		D9C466A92808506900A33A38 /* BlureEffectExtansion.swift in Sources */ = {isa = PBXBuildFile; fileRef = D9C466A82808506900A33A38 /* BlureEffectExtansion.swift */; };
		D9CBE5F3280E93AD00BFE10C /* CityJsonData.json in Resources */ = {isa = PBXBuildFile; fileRef = D9CBE5F2280E93AD00BFE10C /* CityJsonData.json */; };
		D9CBE5F7280EDD9E00BFE10C /* LoadScreenViewModel.swift in Sources */ = {isa = PBXBuildFile; fileRef = D9CBE5F6280EDD9E00BFE10C /* LoadScreenViewModel.swift */; };
		D9CDD3292825600600293352 /* LaunchScreen.storyboard in Resources */ = {isa = PBXBuildFile; fileRef = D9CDD3282825600600293352 /* LaunchScreen.storyboard */; };
		D9CF1DC427F3345A00253787 /* WeatherIconManager.swift in Sources */ = {isa = PBXBuildFile; fileRef = D9CF1DC327F3345A00253787 /* WeatherIconManager.swift */; };
		D9DB446C27F5B74F00DFB545 /* StringExtension.swift in Sources */ = {isa = PBXBuildFile; fileRef = D9DB446B27F5B74F00DFB545 /* StringExtension.swift */; };
		D9DB446E27F5B76700DFB545 /* DateExtension.swift in Sources */ = {isa = PBXBuildFile; fileRef = D9DB446D27F5B76700DFB545 /* DateExtension.swift */; };
		D9DB447227F5C1AD00DFB545 /* WeatherTable.swift in Sources */ = {isa = PBXBuildFile; fileRef = D9DB447127F5C1AD00DFB545 /* WeatherTable.swift */; };
		D9DB447527F5D8DD00DFB545 /* FavoritesView.swift in Sources */ = {isa = PBXBuildFile; fileRef = D9DB447427F5D8DD00DFB545 /* FavoritesView.swift */; };
/* End PBXBuildFile section */

/* Begin PBXFileReference section */
		D906B9C527F2CF75000E688F /* LoadScreenController.swift */ = {isa = PBXFileReference; lastKnownFileType = sourcecode.swift; path = LoadScreenController.swift; sourceTree = "<group>"; };
		D906B9C727F2DAEF000E688F /* HourlyTableCell.swift */ = {isa = PBXFileReference; lastKnownFileType = sourcecode.swift; path = HourlyTableCell.swift; sourceTree = "<group>"; };
		D906B9CB27F2DCB2000E688F /* HourCollectionCell.swift */ = {isa = PBXFileReference; lastKnownFileType = sourcecode.swift; path = HourCollectionCell.swift; sourceTree = "<group>"; };
		D906B9CF27F321AE000E688F /* Constants.swift */ = {isa = PBXFileReference; lastKnownFileType = sourcecode.swift; path = Constants.swift; sourceTree = "<group>"; };
		D91C445729829887001275AE /* WeatherTableCellModel.swift */ = {isa = PBXFileReference; lastKnownFileType = sourcecode.swift; path = WeatherTableCellModel.swift; sourceTree = "<group>"; };
		D91C4459298298B5001275AE /* ForecastLoadModel.swift */ = {isa = PBXFileReference; lastKnownFileType = sourcecode.swift; path = ForecastLoadModel.swift; sourceTree = "<group>"; };
		D91C445B29829938001275AE /* MoreInfoCellViewModel.swift */ = {isa = PBXFileReference; lastKnownFileType = sourcecode.swift; path = MoreInfoCellViewModel.swift; sourceTree = "<group>"; };
		D91C445D298299E9001275AE /* MoreInfoItemType.swift */ = {isa = PBXFileReference; lastKnownFileType = sourcecode.swift; path = MoreInfoItemType.swift; sourceTree = "<group>"; };
		D927CC4127D337D900E25DF5 /* tms-14-WeatherApp.app */ = {isa = PBXFileReference; explicitFileType = wrapper.application; includeInIndex = 0; path = "tms-14-WeatherApp.app"; sourceTree = BUILT_PRODUCTS_DIR; };
		D927CC4427D337D900E25DF5 /* AppDelegate.swift */ = {isa = PBXFileReference; lastKnownFileType = sourcecode.swift; path = AppDelegate.swift; sourceTree = "<group>"; };
		D927CC4827D337D900E25DF5 /* WeatherViewController.swift */ = {isa = PBXFileReference; lastKnownFileType = sourcecode.swift; path = WeatherViewController.swift; sourceTree = "<group>"; };
		D927CC4D27D337DA00E25DF5 /* Assets.xcassets */ = {isa = PBXFileReference; lastKnownFileType = folder.assetcatalog; path = Assets.xcassets; sourceTree = "<group>"; };
		D927CC5227D337DA00E25DF5 /* Info.plist */ = {isa = PBXFileReference; lastKnownFileType = text.plist.xml; path = Info.plist; sourceTree = "<group>"; };
		D927CC6427D3440000E25DF5 /* AnchorExtension.swift */ = {isa = PBXFileReference; fileEncoding = 4; lastKnownFileType = sourcecode.swift; path = AnchorExtension.swift; sourceTree = "<group>"; };
		D927CC7527D61EC900E25DF5 /* DailyForecastCell.swift */ = {isa = PBXFileReference; lastKnownFileType = sourcecode.swift; path = DailyForecastCell.swift; sourceTree = "<group>"; };
		D936D45929A4DC3500BE20F5 /* MockForecastModel.swift */ = {isa = PBXFileReference; lastKnownFileType = sourcecode.swift; path = MockForecastModel.swift; sourceTree = "<group>"; };
		D940FEA02941A4AF0056F852 /* Collection+Additions.swift */ = {isa = PBXFileReference; lastKnownFileType = sourcecode.swift; path = "Collection+Additions.swift"; sourceTree = "<group>"; };
		D94CF7D227D728E8008304E8 /* en */ = {isa = PBXFileReference; lastKnownFileType = text.plist.strings; name = en; path = en.lproj/Localizable.strings; sourceTree = "<group>"; };
		D94CF7D427D728EA008304E8 /* ru */ = {isa = PBXFileReference; lastKnownFileType = text.plist.strings; name = ru; path = ru.lproj/Localizable.strings; sourceTree = "<group>"; };
		D953A51C29B2212900702B27 /* ZoomingAnimateLifeCycle.swift */ = {isa = PBXFileReference; lastKnownFileType = sourcecode.swift; path = ZoomingAnimateLifeCycle.swift; sourceTree = "<group>"; };
		D953A51E29B2252E00702B27 /* IdentifierExtensions.swift */ = {isa = PBXFileReference; lastKnownFileType = sourcecode.swift; path = IdentifierExtensions.swift; sourceTree = "<group>"; };
		D961769027FABC9200CD604E /* WeatherViewModelImpl.swift */ = {isa = PBXFileReference; lastKnownFileType = sourcecode.swift; path = WeatherViewModelImpl.swift; sourceTree = "<group>"; };
		D961769827FB3D1A00CD604E /* FavoriteCityCellViewModel.swift */ = {isa = PBXFileReference; lastKnownFileType = sourcecode.swift; path = FavoriteCityCellViewModel.swift; sourceTree = "<group>"; };
		D96A0BBA29813B76008466BA /* WeatherScreenCoordinator.swift */ = {isa = PBXFileReference; lastKnownFileType = sourcecode.swift; path = WeatherScreenCoordinator.swift; sourceTree = "<group>"; };
		D96A0BBC29813DB5008466BA /* LoadScreenFactory.swift */ = {isa = PBXFileReference; lastKnownFileType = sourcecode.swift; path = LoadScreenFactory.swift; sourceTree = "<group>"; };
		D96A0BBE29814348008466BA /* LoadScreenCoordinatorLogic.swift */ = {isa = PBXFileReference; lastKnownFileType = sourcecode.swift; path = LoadScreenCoordinatorLogic.swift; sourceTree = "<group>"; };
		D96A0BC029814FB5008466BA /* WeatherScreenFactory.swift */ = {isa = PBXFileReference; lastKnownFileType = sourcecode.swift; path = WeatherScreenFactory.swift; sourceTree = "<group>"; };
		D96A0BC2298158B0008466BA /* FavoritesScreenCoordinator.swift */ = {isa = PBXFileReference; lastKnownFileType = sourcecode.swift; path = FavoritesScreenCoordinator.swift; sourceTree = "<group>"; };
		D96A0BC4298158C2008466BA /* FavoritesScreenFactory.swift */ = {isa = PBXFileReference; lastKnownFileType = sourcecode.swift; path = FavoritesScreenFactory.swift; sourceTree = "<group>"; };
		D96A0BC6298162A8008466BA /* FavoritesSearchDelegate.swift */ = {isa = PBXFileReference; lastKnownFileType = sourcecode.swift; path = FavoritesSearchDelegate.swift; sourceTree = "<group>"; };
		D96A0BC8298175DE008466BA /* HourCollectionCellViewModel.swift */ = {isa = PBXFileReference; fileEncoding = 4; lastKnownFileType = sourcecode.swift; path = HourCollectionCellViewModel.swift; sourceTree = "<group>"; };
		D96A0BCA29817BC1008466BA /* DailyForecastCellViewModel.swift */ = {isa = PBXFileReference; fileEncoding = 4; lastKnownFileType = sourcecode.swift; path = DailyForecastCellViewModel.swift; sourceTree = "<group>"; };
		D96F047727FEABBC00F066FE /* ResultTableViewModel.swift */ = {isa = PBXFileReference; lastKnownFileType = sourcecode.swift; path = ResultTableViewModel.swift; sourceTree = "<group>"; };
		D976F0B62940A83C0062B90A /* BaseCoordinator.swift */ = {isa = PBXFileReference; lastKnownFileType = sourcecode.swift; path = BaseCoordinator.swift; sourceTree = "<group>"; };
		D976F0BA2940AADA0062B90A /* AppCoordinator.swift */ = {isa = PBXFileReference; lastKnownFileType = sourcecode.swift; path = AppCoordinator.swift; sourceTree = "<group>"; };
		D97A019C27F6CAA900F718CD /* Bindable.swift */ = {isa = PBXFileReference; lastKnownFileType = sourcecode.swift; path = Bindable.swift; sourceTree = "<group>"; };
		D97A019F27F6CB5100F718CD /* FavoritesViewModel.swift */ = {isa = PBXFileReference; lastKnownFileType = sourcecode.swift; path = FavoritesViewModel.swift; sourceTree = "<group>"; };
		D97A01A127F6D26500F718CD /* CitiesParseManager.swift */ = {isa = PBXFileReference; lastKnownFileType = sourcecode.swift; path = CitiesParseManager.swift; sourceTree = "<group>"; };
		D97A01A827F704E600F718CD /* ResultTable.swift */ = {isa = PBXFileReference; lastKnownFileType = sourcecode.swift; path = ResultTable.swift; sourceTree = "<group>"; };
		D97A01AB27F708A600F718CD /* SearchCell.swift */ = {isa = PBXFileReference; lastKnownFileType = sourcecode.swift; path = SearchCell.swift; sourceTree = "<group>"; };
		D97A01AD27F708EC00F718CD /* FavoriteCityCell.swift */ = {isa = PBXFileReference; lastKnownFileType = sourcecode.swift; path = FavoriteCityCell.swift; sourceTree = "<group>"; };
		D97C973029780D4700E45993 /* ForecastModel.swift */ = {isa = PBXFileReference; lastKnownFileType = sourcecode.swift; path = ForecastModel.swift; sourceTree = "<group>"; };
		D97DBEBA299FBCD500DE68F6 /* ZoomTransitionDelegate.swift */ = {isa = PBXFileReference; lastKnownFileType = sourcecode.swift; path = ZoomTransitionDelegate.swift; sourceTree = "<group>"; };
		D9820C8B29AE637600B29BFD /* TableViewTransitionToCell.swift */ = {isa = PBXFileReference; lastKnownFileType = sourcecode.swift; path = TableViewTransitionToCell.swift; sourceTree = "<group>"; };
		D9820C8D29AEAB6000B29BFD /* ApiClient.swift */ = {isa = PBXFileReference; lastKnownFileType = sourcecode.swift; path = ApiClient.swift; sourceTree = "<group>"; };
		D9820C9029AEACB000B29BFD /* Request.swift */ = {isa = PBXFileReference; lastKnownFileType = sourcecode.swift; path = Request.swift; sourceTree = "<group>"; };
		D9820C9229AEACDE00B29BFD /* OpenWeatherOneCallClient.swift */ = {isa = PBXFileReference; lastKnownFileType = sourcecode.swift; path = OpenWeatherOneCallClient.swift; sourceTree = "<group>"; };
		D99CE60C281BEDF7000569E8 /* Coordinator.swift */ = {isa = PBXFileReference; lastKnownFileType = sourcecode.swift; path = Coordinator.swift; sourceTree = "<group>"; };
		D99CE61628216654000569E8 /* TableViewTransitionFromCell.swift */ = {isa = PBXFileReference; lastKnownFileType = sourcecode.swift; path = TableViewTransitionFromCell.swift; sourceTree = "<group>"; };
		D9A2ACD629AF4907000A5A04 /* OpenWeatherImageApiClient.swift */ = {isa = PBXFileReference; lastKnownFileType = sourcecode.swift; path = OpenWeatherImageApiClient.swift; sourceTree = "<group>"; };
		D9A2ACDA29AF562C000A5A04 /* FavoritesListUpdateChecker.swift */ = {isa = PBXFileReference; lastKnownFileType = sourcecode.swift; path = FavoritesListUpdateChecker.swift; sourceTree = "<group>"; };
		D9A30E4127DB0FEB001903E1 /* FavoritesController.swift */ = {isa = PBXFileReference; lastKnownFileType = sourcecode.swift; path = FavoritesController.swift; sourceTree = "<group>"; };
		D9A30E4B27DB6BCE001903E1 /* WeatherView.swift */ = {isa = PBXFileReference; lastKnownFileType = sourcecode.swift; path = WeatherView.swift; sourceTree = "<group>"; };
		D9A30E4D27DB8827001903E1 /* MoreInfoCell.swift */ = {isa = PBXFileReference; lastKnownFileType = sourcecode.swift; path = MoreInfoCell.swift; sourceTree = "<group>"; };
		D9A30E4F27DB90DB001903E1 /* MoreInfoCollectionCell.swift */ = {isa = PBXFileReference; lastKnownFileType = sourcecode.swift; path = MoreInfoCollectionCell.swift; sourceTree = "<group>"; };
		D9B6D7F42804415300562728 /* SearchCellViewModel.swift */ = {isa = PBXFileReference; lastKnownFileType = sourcecode.swift; path = SearchCellViewModel.swift; sourceTree = "<group>"; };
		D9BA52862810011B001F9411 /* FavouritesManager.swift */ = {isa = PBXFileReference; lastKnownFileType = sourcecode.swift; path = FavouritesManager.swift; sourceTree = "<group>"; };
		D9BD10E72805504400BA0138 /* ForecastResponseModel.swift */ = {isa = PBXFileReference; lastKnownFileType = sourcecode.swift; path = ForecastResponseModel.swift; sourceTree = "<group>"; };
		D9C466A62808495400A33A38 /* VisualWeatherModel.swift */ = {isa = PBXFileReference; lastKnownFileType = sourcecode.swift; path = VisualWeatherModel.swift; sourceTree = "<group>"; };
		D9C466A82808506900A33A38 /* BlureEffectExtansion.swift */ = {isa = PBXFileReference; lastKnownFileType = sourcecode.swift; path = BlureEffectExtansion.swift; sourceTree = "<group>"; };
		D9CBE5F2280E93AD00BFE10C /* CityJsonData.json */ = {isa = PBXFileReference; fileEncoding = 4; lastKnownFileType = text.json; path = CityJsonData.json; sourceTree = "<group>"; };
		D9CBE5F6280EDD9E00BFE10C /* LoadScreenViewModel.swift */ = {isa = PBXFileReference; lastKnownFileType = sourcecode.swift; path = LoadScreenViewModel.swift; sourceTree = "<group>"; };
		D9CDD3282825600600293352 /* LaunchScreen.storyboard */ = {isa = PBXFileReference; lastKnownFileType = file.storyboard; path = LaunchScreen.storyboard; sourceTree = "<group>"; };
		D9CF1DC327F3345A00253787 /* WeatherIconManager.swift */ = {isa = PBXFileReference; lastKnownFileType = sourcecode.swift; path = WeatherIconManager.swift; sourceTree = "<group>"; };
		D9DB446B27F5B74F00DFB545 /* StringExtension.swift */ = {isa = PBXFileReference; lastKnownFileType = sourcecode.swift; path = StringExtension.swift; sourceTree = "<group>"; };
		D9DB446D27F5B76700DFB545 /* DateExtension.swift */ = {isa = PBXFileReference; lastKnownFileType = sourcecode.swift; path = DateExtension.swift; sourceTree = "<group>"; };
		D9DB447127F5C1AD00DFB545 /* WeatherTable.swift */ = {isa = PBXFileReference; lastKnownFileType = sourcecode.swift; path = WeatherTable.swift; sourceTree = "<group>"; };
		D9DB447427F5D8DD00DFB545 /* FavoritesView.swift */ = {isa = PBXFileReference; lastKnownFileType = sourcecode.swift; path = FavoritesView.swift; sourceTree = "<group>"; };
/* End PBXFileReference section */

/* Begin PBXFrameworksBuildPhase section */
		D927CC3E27D337D900E25DF5 /* Frameworks */ = {
			isa = PBXFrameworksBuildPhase;
			buildActionMask = 2147483647;
			files = (
			);
			runOnlyForDeploymentPostprocessing = 0;
		};
/* End PBXFrameworksBuildPhase section */

/* Begin PBXGroup section */
		D91C445F29829A76001275AE /* Source */ = {
			isa = PBXGroup;
			children = (
				D91C446229829ACB001275AE /* App Delegates */,
				D91C446029829A95001275AE /* Modules */,
				D94CF7DD27D93B4E008304E8 /* Model */,
				D9DB446A27F5B63300DFB545 /* Managers */,
				D99CE60B281BEDE9000569E8 /* Navigation */,
				D91C446429829B30001275AE /* WeatherCore */,
				D91C446329829B11001275AE /* WeatherUI */,
			);
			path = Source;
			sourceTree = "<group>";
		};
		D91C446029829A95001275AE /* Modules */ = {
			isa = PBXGroup;
			children = (
				D9CDD3252824F14300293352 /* Weather */,
				D99CE606281BEA6E000569E8 /* Favorites */,
				D96F046827FDC45800F066FE /* Load */,
			);
			path = Modules;
			sourceTree = "<group>";
		};
		D91C446129829AB3001275AE /* Resources */ = {
			isa = PBXGroup;
			children = (
				D927CC4D27D337DA00E25DF5 /* Assets.xcassets */,
				D94CF7D327D728E8008304E8 /* Localizable.strings */,
				D9CBE5F2280E93AD00BFE10C /* CityJsonData.json */,
				D9CDD3282825600600293352 /* LaunchScreen.storyboard */,
			);
			path = Resources;
			sourceTree = "<group>";
		};
		D91C446229829ACB001275AE /* App Delegates */ = {
			isa = PBXGroup;
			children = (
				D927CC4427D337D900E25DF5 /* AppDelegate.swift */,
			);
			path = "App Delegates";
			sourceTree = "<group>";
		};
		D91C446329829B11001275AE /* WeatherUI */ = {
			isa = PBXGroup;
			children = (
				D942A1EC2837C3AE001590E8 /* TableCellAnimation */,
				D9C466A62808495400A33A38 /* VisualWeatherModel.swift */,
				D9C466A82808506900A33A38 /* BlureEffectExtansion.swift */,
				D927CC6427D3440000E25DF5 /* AnchorExtension.swift */,
				D953A51E29B2252E00702B27 /* IdentifierExtensions.swift */,
			);
			path = WeatherUI;
			sourceTree = "<group>";
		};
		D91C446429829B30001275AE /* WeatherCore */ = {
			isa = PBXGroup;
			children = (
				D906B9CF27F321AE000E688F /* Constants.swift */,
				D940FEA02941A4AF0056F852 /* Collection+Additions.swift */,
				D9DB446D27F5B76700DFB545 /* DateExtension.swift */,
				D9DB446B27F5B74F00DFB545 /* StringExtension.swift */,
				D97A019C27F6CAA900F718CD /* Bindable.swift */,
			);
			path = WeatherCore;
			sourceTree = "<group>";
		};
		D927CC3827D337D900E25DF5 = {
			isa = PBXGroup;
			children = (
				D927CC4327D337D900E25DF5 /* WeatherApp */,
				D927CC4227D337D900E25DF5 /* Products */,
			);
			sourceTree = "<group>";
		};
		D927CC4227D337D900E25DF5 /* Products */ = {
			isa = PBXGroup;
			children = (
				D927CC4127D337D900E25DF5 /* tms-14-WeatherApp.app */,
			);
			name = Products;
			sourceTree = "<group>";
		};
		D927CC4327D337D900E25DF5 /* WeatherApp */ = {
			isa = PBXGroup;
			children = (
				D91C446129829AB3001275AE /* Resources */,
				D91C445F29829A76001275AE /* Source */,
				D927CC5F27D343A200E25DF5 /* SupportingFiles */,
			);
			path = WeatherApp;
			sourceTree = "<group>";
		};
		D927CC5F27D343A200E25DF5 /* SupportingFiles */ = {
			isa = PBXGroup;
			children = (
				D927CC5227D337DA00E25DF5 /* Info.plist */,
			);
			path = SupportingFiles;
			sourceTree = "<group>";
		};
		D927CC7727D61EEE00E25DF5 /* Cells */ = {
			isa = PBXGroup;
			children = (
				D906B9C727F2DAEF000E688F /* HourlyTableCell.swift */,
				D906B9CB27F2DCB2000E688F /* HourCollectionCell.swift */,
				D927CC7527D61EC900E25DF5 /* DailyForecastCell.swift */,
				D9A30E4D27DB8827001903E1 /* MoreInfoCell.swift */,
				D9A30E4F27DB90DB001903E1 /* MoreInfoCollectionCell.swift */,
			);
			path = Cells;
			sourceTree = "<group>";
		};
		D942A1EC2837C3AE001590E8 /* TableCellAnimation */ = {
			isa = PBXGroup;
			children = (
				D97DBEBA299FBCD500DE68F6 /* ZoomTransitionDelegate.swift */,
				D953A51C29B2212900702B27 /* ZoomingAnimateLifeCycle.swift */,
				D99CE61628216654000569E8 /* TableViewTransitionFromCell.swift */,
				D9820C8B29AE637600B29BFD /* TableViewTransitionToCell.swift */,
			);
			path = TableCellAnimation;
			sourceTree = "<group>";
		};
		D94CF7DD27D93B4E008304E8 /* Model */ = {
			isa = PBXGroup;
			children = (
				D9BD10E72805504400BA0138 /* ForecastResponseModel.swift */,
				D97C973029780D4700E45993 /* ForecastModel.swift */,
				D936D45929A4DC3500BE20F5 /* MockForecastModel.swift */,
			);
			path = Model;
			sourceTree = "<group>";
		};
		D96F046627FDC14700F066FE /* ViewModel */ = {
			isa = PBXGroup;
			children = (
				D961769027FABC9200CD604E /* WeatherViewModelImpl.swift */,
				D96A0BC8298175DE008466BA /* HourCollectionCellViewModel.swift */,
				D96A0BCA29817BC1008466BA /* DailyForecastCellViewModel.swift */,
				D91C445B29829938001275AE /* MoreInfoCellViewModel.swift */,
			);
			path = ViewModel;
			sourceTree = "<group>";
		};
		D96F046827FDC45800F066FE /* Load */ = {
			isa = PBXGroup;
			children = (
				D96A0BBE29814348008466BA /* LoadScreenCoordinatorLogic.swift */,
				D96A0BBC29813DB5008466BA /* LoadScreenFactory.swift */,
				D906B9C527F2CF75000E688F /* LoadScreenController.swift */,
				D9CBE5F6280EDD9E00BFE10C /* LoadScreenViewModel.swift */,
			);
			path = Load;
			sourceTree = "<group>";
		};
		D96F046D27FDC81E00F066FE /* ViewModel */ = {
			isa = PBXGroup;
			children = (
				D97A019F27F6CB5100F718CD /* FavoritesViewModel.swift */,
				D961769827FB3D1A00CD604E /* FavoriteCityCellViewModel.swift */,
				D9B6D7F42804415300562728 /* SearchCellViewModel.swift */,
			);
			path = ViewModel;
			sourceTree = "<group>";
		};
		D96F047627FEAB8100F066FE /* Model */ = {
			isa = PBXGroup;
			children = (
				D96F047727FEABBC00F066FE /* ResultTableViewModel.swift */,
			);
			path = Model;
			sourceTree = "<group>";
		};
		D97A01A427F6F9C800F718CD /* FavouritesView */ = {
			isa = PBXGroup;
			children = (
				D9A30E4127DB0FEB001903E1 /* FavoritesController.swift */,
				D9DB447427F5D8DD00DFB545 /* FavoritesView.swift */,
				D97A01A827F704E600F718CD /* ResultTable.swift */,
				D96A0BC6298162A8008466BA /* FavoritesSearchDelegate.swift */,
				D9A2ACD929AF560C000A5A04 /* Helpers */,
				D97A01AA27F7086800F718CD /* cells */,
			);
			path = FavouritesView;
			sourceTree = "<group>";
		};
		D97A01AA27F7086800F718CD /* cells */ = {
			isa = PBXGroup;
			children = (
				D97A01AB27F708A600F718CD /* SearchCell.swift */,
				D97A01AD27F708EC00F718CD /* FavoriteCityCell.swift */,
			);
			path = cells;
			sourceTree = "<group>";
		};
		D9820C8F29AEAC9100B29BFD /* OpenWeathermapAPI */ = {
			isa = PBXGroup;
			children = (
				D9820C8D29AEAB6000B29BFD /* ApiClient.swift */,
				D9820C9029AEACB000B29BFD /* Request.swift */,
				D9A2ACD829AF4CC3000A5A04 /* Clients */,
			);
			path = OpenWeathermapAPI;
			sourceTree = "<group>";
		};
		D99CE606281BEA6E000569E8 /* Favorites */ = {
			isa = PBXGroup;
			children = (
				D96A0BC2298158B0008466BA /* FavoritesScreenCoordinator.swift */,
				D96A0BC4298158C2008466BA /* FavoritesScreenFactory.swift */,
				D96F047627FEAB8100F066FE /* Model */,
				D97A01A427F6F9C800F718CD /* FavouritesView */,
				D96F046D27FDC81E00F066FE /* ViewModel */,
			);
			path = Favorites;
			sourceTree = "<group>";
		};
		D99CE60B281BEDE9000569E8 /* Navigation */ = {
			isa = PBXGroup;
			children = (
				D976F0BA2940AADA0062B90A /* AppCoordinator.swift */,
				D99CE60C281BEDF7000569E8 /* Coordinator.swift */,
				D976F0B62940A83C0062B90A /* BaseCoordinator.swift */,
			);
			path = Navigation;
			sourceTree = "<group>";
		};
		D9A2ACD829AF4CC3000A5A04 /* Clients */ = {
			isa = PBXGroup;
			children = (
				D9A2ACD629AF4907000A5A04 /* OpenWeatherImageApiClient.swift */,
				D9820C9229AEACDE00B29BFD /* OpenWeatherOneCallClient.swift */,
			);
			path = Clients;
			sourceTree = "<group>";
		};
		D9A2ACD929AF560C000A5A04 /* Helpers */ = {
			isa = PBXGroup;
			children = (
				D9A2ACDA29AF562C000A5A04 /* FavoritesListUpdateChecker.swift */,
			);
			path = Helpers;
			sourceTree = "<group>";
		};
		D9BD10E928059A7D00BA0138 /* Model */ = {
			isa = PBXGroup;
			children = (
				D91C445729829887001275AE /* WeatherTableCellModel.swift */,
				D91C4459298298B5001275AE /* ForecastLoadModel.swift */,
				D91C445D298299E9001275AE /* MoreInfoItemType.swift */,
			);
			path = Model;
			sourceTree = "<group>";
		};
		D9CDD3252824F14300293352 /* Weather */ = {
			isa = PBXGroup;
			children = (
				D96A0BBA29813B76008466BA /* WeatherScreenCoordinator.swift */,
				D96A0BC029814FB5008466BA /* WeatherScreenFactory.swift */,
				D9BD10E928059A7D00BA0138 /* Model */,
				D9DB447327F5D01600DFB545 /* WeatherView */,
				D96F046627FDC14700F066FE /* ViewModel */,
			);
			path = Weather;
			sourceTree = "<group>";
		};
		D9DB446A27F5B63300DFB545 /* Managers */ = {
			isa = PBXGroup;
			children = (
				D9820C8F29AEAC9100B29BFD /* OpenWeathermapAPI */,
				D9CF1DC327F3345A00253787 /* WeatherIconManager.swift */,
				D97A01A127F6D26500F718CD /* CitiesParseManager.swift */,
				D9BA52862810011B001F9411 /* FavouritesManager.swift */,
			);
			path = Managers;
			sourceTree = "<group>";
		};
		D9DB447327F5D01600DFB545 /* WeatherView */ = {
			isa = PBXGroup;
			children = (
				D927CC4827D337D900E25DF5 /* WeatherViewController.swift */,
				D9A30E4B27DB6BCE001903E1 /* WeatherView.swift */,
				D9DB447127F5C1AD00DFB545 /* WeatherTable.swift */,
				D927CC7727D61EEE00E25DF5 /* Cells */,
			);
			path = WeatherView;
			sourceTree = "<group>";
		};
/* End PBXGroup section */

/* Begin PBXNativeTarget section */
		D927CC4027D337D900E25DF5 /* tms-14-WeatherApp */ = {
			isa = PBXNativeTarget;
			buildConfigurationList = D927CC5527D337DA00E25DF5 /* Build configuration list for PBXNativeTarget "tms-14-WeatherApp" */;
			buildPhases = (
				D927CC3D27D337D900E25DF5 /* Sources */,
				D927CC3E27D337D900E25DF5 /* Frameworks */,
				D927CC3F27D337D900E25DF5 /* Resources */,
			);
			buildRules = (
			);
			dependencies = (
			);
			name = "tms-14-WeatherApp";
			productName = "tms-14-WeatherApp";
			productReference = D927CC4127D337D900E25DF5 /* tms-14-WeatherApp.app */;
			productType = "com.apple.product-type.application";
		};
/* End PBXNativeTarget section */

/* Begin PBXProject section */
		D927CC3927D337D900E25DF5 /* Project object */ = {
			isa = PBXProject;
			attributes = {
				BuildIndependentTargetsInParallel = 1;
				LastSwiftUpdateCheck = 1320;
				LastUpgradeCheck = 1320;
				TargetAttributes = {
					D927CC4027D337D900E25DF5 = {
						CreatedOnToolsVersion = 13.2.1;
					};
				};
			};
			buildConfigurationList = D927CC3C27D337D900E25DF5 /* Build configuration list for PBXProject "WeatherApp" */;
			compatibilityVersion = "Xcode 13.0";
			developmentRegion = en;
			hasScannedForEncodings = 0;
			knownRegions = (
				en,
				Base,
				ru,
			);
			mainGroup = D927CC3827D337D900E25DF5;
			productRefGroup = D927CC4227D337D900E25DF5 /* Products */;
			projectDirPath = "";
			projectRoot = "";
			targets = (
				D927CC4027D337D900E25DF5 /* tms-14-WeatherApp */,
			);
		};
/* End PBXProject section */

/* Begin PBXResourcesBuildPhase section */
		D927CC3F27D337D900E25DF5 /* Resources */ = {
			isa = PBXResourcesBuildPhase;
			buildActionMask = 2147483647;
			files = (
				D94CF7D127D728E8008304E8 /* Localizable.strings in Resources */,
				D9CBE5F3280E93AD00BFE10C /* CityJsonData.json in Resources */,
				D9CDD3292825600600293352 /* LaunchScreen.storyboard in Resources */,
				D927CC4E27D337DA00E25DF5 /* Assets.xcassets in Resources */,
			);
			runOnlyForDeploymentPostprocessing = 0;
		};
/* End PBXResourcesBuildPhase section */

/* Begin PBXSourcesBuildPhase section */
		D927CC3D27D337D900E25DF5 /* Sources */ = {
			isa = PBXSourcesBuildPhase;
			buildActionMask = 2147483647;
			files = (
				D97A01AE27F708EC00F718CD /* FavoriteCityCell.swift in Sources */,
				D906B9D027F321AE000E688F /* Constants.swift in Sources */,
				D97DBEBB299FBCD500DE68F6 /* ZoomTransitionDelegate.swift in Sources */,
				D940FEA12941A4AF0056F852 /* Collection+Additions.swift in Sources */,
				D96A0BC3298158B0008466BA /* FavoritesScreenCoordinator.swift in Sources */,
				D927CC4927D337D900E25DF5 /* WeatherViewController.swift in Sources */,
				D906B9C627F2CF75000E688F /* LoadScreenController.swift in Sources */,
				D9DB447227F5C1AD00DFB545 /* WeatherTable.swift in Sources */,
				D9B6D7F52804415300562728 /* SearchCellViewModel.swift in Sources */,
				D976F0B72940A83C0062B90A /* BaseCoordinator.swift in Sources */,
				D936D45A29A4DC3500BE20F5 /* MockForecastModel.swift in Sources */,
				D906B9CC27F2DCB2000E688F /* HourCollectionCell.swift in Sources */,
				D96A0BCB29817BC1008466BA /* DailyForecastCellViewModel.swift in Sources */,
				D927CC4527D337D900E25DF5 /* AppDelegate.swift in Sources */,
				D96A0BBB29813B76008466BA /* WeatherScreenCoordinator.swift in Sources */,
				D9A2ACDB29AF562C000A5A04 /* FavoritesListUpdateChecker.swift in Sources */,
				D96A0BBD29813DB5008466BA /* LoadScreenFactory.swift in Sources */,
				D906B9C827F2DAEF000E688F /* HourlyTableCell.swift in Sources */,
				D9C466A72808495400A33A38 /* VisualWeatherModel.swift in Sources */,
				D97C973129780D4700E45993 /* ForecastModel.swift in Sources */,
				D97A01AC27F708A600F718CD /* SearchCell.swift in Sources */,
				D9BA52872810011B001F9411 /* FavouritesManager.swift in Sources */,
				D9A30E4E27DB8827001903E1 /* MoreInfoCell.swift in Sources */,
				D961769927FB3D1A00CD604E /* FavoriteCityCellViewModel.swift in Sources */,
				D9A30E4227DB0FEB001903E1 /* FavoritesController.swift in Sources */,
				D9BD10E82805504400BA0138 /* ForecastResponseModel.swift in Sources */,
				D9A30E5027DB90DB001903E1 /* MoreInfoCollectionCell.swift in Sources */,
				D927CC7627D61EC900E25DF5 /* DailyForecastCell.swift in Sources */,
				D9A30E4C27DB6BCE001903E1 /* WeatherView.swift in Sources */,
				D96A0BC5298158C2008466BA /* FavoritesScreenFactory.swift in Sources */,
				D9DB447527F5D8DD00DFB545 /* FavoritesView.swift in Sources */,
				D97A01A227F6D26500F718CD /* CitiesParseManager.swift in Sources */,
				D953A51F29B2252E00702B27 /* IdentifierExtensions.swift in Sources */,
				D91C445C29829938001275AE /* MoreInfoCellViewModel.swift in Sources */,
				D97A01A027F6CB5100F718CD /* FavoritesViewModel.swift in Sources */,
				D9820C9129AEACB000B29BFD /* Request.swift in Sources */,
				D96A0BC129814FB5008466BA /* WeatherScreenFactory.swift in Sources */,
				D91C445A298298B5001275AE /* ForecastLoadModel.swift in Sources */,
				D9820C9329AEACDE00B29BFD /* OpenWeatherOneCallClient.swift in Sources */,
				D96A0BC7298162A8008466BA /* FavoritesSearchDelegate.swift in Sources */,
				D91C445829829887001275AE /* WeatherTableCellModel.swift in Sources */,
				D96A0BC9298175DE008466BA /* HourCollectionCellViewModel.swift in Sources */,
				D97A019D27F6CAA900F718CD /* Bindable.swift in Sources */,
				D9C466A92808506900A33A38 /* BlureEffectExtansion.swift in Sources */,
				D99CE60D281BEDF7000569E8 /* Coordinator.swift in Sources */,
				D9DB446E27F5B76700DFB545 /* DateExtension.swift in Sources */,
				D99CE61728216654000569E8 /* TableViewTransitionFromCell.swift in Sources */,
				D953A51D29B2212900702B27 /* ZoomingAnimateLifeCycle.swift in Sources */,
				D96F047827FEABBC00F066FE /* ResultTableViewModel.swift in Sources */,
				D961769127FABC9200CD604E /* WeatherViewModelImpl.swift in Sources */,
				D976F0BB2940AADA0062B90A /* AppCoordinator.swift in Sources */,
				D9A2ACD729AF4907000A5A04 /* OpenWeatherImageApiClient.swift in Sources */,
				D927CC6527D3440000E25DF5 /* AnchorExtension.swift in Sources */,
				D9DB446C27F5B74F00DFB545 /* StringExtension.swift in Sources */,
				D9820C8E29AEAB6000B29BFD /* ApiClient.swift in Sources */,
				D9CBE5F7280EDD9E00BFE10C /* LoadScreenViewModel.swift in Sources */,
				D96A0BBF29814348008466BA /* LoadScreenCoordinatorLogic.swift in Sources */,
				D9CF1DC427F3345A00253787 /* WeatherIconManager.swift in Sources */,
				D9820C8C29AE637600B29BFD /* TableViewTransitionToCell.swift in Sources */,
				D97A01A927F704E600F718CD /* ResultTable.swift in Sources */,
				D91C445E298299E9001275AE /* MoreInfoItemType.swift in Sources */,
			);
			runOnlyForDeploymentPostprocessing = 0;
		};
/* End PBXSourcesBuildPhase section */

/* Begin PBXVariantGroup section */
		D94CF7D327D728E8008304E8 /* Localizable.strings */ = {
			isa = PBXVariantGroup;
			children = (
				D94CF7D227D728E8008304E8 /* en */,
				D94CF7D427D728EA008304E8 /* ru */,
			);
			name = Localizable.strings;
			sourceTree = "<group>";
		};
/* End PBXVariantGroup section */

/* Begin XCBuildConfiguration section */
		D927CC5327D337DA00E25DF5 /* Debug */ = {
			isa = XCBuildConfiguration;
			buildSettings = {
				ALWAYS_SEARCH_USER_PATHS = NO;
				ASSETCATALOG_COMPILER_APPICON_NAME = "";
				ASSETCATALOG_COMPILER_LAUNCHIMAGE_NAME = "";
				CLANG_ANALYZER_LOCALIZABILITY_NONLOCALIZED = YES;
				CLANG_ANALYZER_NONNULL = YES;
				CLANG_ANALYZER_NUMBER_OBJECT_CONVERSION = YES_AGGRESSIVE;
				CLANG_CXX_LANGUAGE_STANDARD = "gnu++17";
				CLANG_CXX_LIBRARY = "libc++";
				CLANG_ENABLE_MODULES = YES;
				CLANG_ENABLE_OBJC_ARC = YES;
				CLANG_ENABLE_OBJC_WEAK = YES;
				CLANG_WARN_BLOCK_CAPTURE_AUTORELEASING = YES;
				CLANG_WARN_BOOL_CONVERSION = YES;
				CLANG_WARN_COMMA = YES;
				CLANG_WARN_CONSTANT_CONVERSION = YES;
				CLANG_WARN_DEPRECATED_OBJC_IMPLEMENTATIONS = YES;
				CLANG_WARN_DIRECT_OBJC_ISA_USAGE = YES_ERROR;
				CLANG_WARN_DOCUMENTATION_COMMENTS = YES;
				CLANG_WARN_EMPTY_BODY = YES;
				CLANG_WARN_ENUM_CONVERSION = YES;
				CLANG_WARN_INFINITE_RECURSION = YES;
				CLANG_WARN_INT_CONVERSION = YES;
				CLANG_WARN_NON_LITERAL_NULL_CONVERSION = YES;
				CLANG_WARN_OBJC_IMPLICIT_RETAIN_SELF = YES;
				CLANG_WARN_OBJC_LITERAL_CONVERSION = YES;
				CLANG_WARN_OBJC_ROOT_CLASS = YES_ERROR;
				CLANG_WARN_QUOTED_INCLUDE_IN_FRAMEWORK_HEADER = YES;
				CLANG_WARN_RANGE_LOOP_ANALYSIS = YES;
				CLANG_WARN_STRICT_PROTOTYPES = YES;
				CLANG_WARN_SUSPICIOUS_MOVE = YES;
				CLANG_WARN_UNGUARDED_AVAILABILITY = YES_AGGRESSIVE;
				CLANG_WARN_UNREACHABLE_CODE = YES;
				CLANG_WARN__DUPLICATE_METHOD_MATCH = YES;
				COPY_PHASE_STRIP = NO;
				DEBUG_INFORMATION_FORMAT = dwarf;
				ENABLE_STRICT_OBJC_MSGSEND = YES;
				ENABLE_TESTABILITY = YES;
				GCC_C_LANGUAGE_STANDARD = gnu11;
				GCC_DYNAMIC_NO_PIC = NO;
				GCC_NO_COMMON_BLOCKS = YES;
				GCC_OPTIMIZATION_LEVEL = 0;
				GCC_PREPROCESSOR_DEFINITIONS = (
					"DEBUG=1",
					"$(inherited)",
				);
				GCC_WARN_64_TO_32_BIT_CONVERSION = YES;
				GCC_WARN_ABOUT_RETURN_TYPE = YES_ERROR;
				GCC_WARN_UNDECLARED_SELECTOR = YES;
				GCC_WARN_UNINITIALIZED_AUTOS = YES_AGGRESSIVE;
				GCC_WARN_UNUSED_FUNCTION = YES;
				GCC_WARN_UNUSED_VARIABLE = YES;
				INFOPLIST_KEY_UILaunchScreen_Generation = YES;
				IPHONEOS_DEPLOYMENT_TARGET = 15.2;
				MTL_ENABLE_DEBUG_INFO = INCLUDE_SOURCE;
				MTL_FAST_MATH = YES;
				ONLY_ACTIVE_ARCH = YES;
				SDKROOT = iphoneos;
				SWIFT_ACTIVE_COMPILATION_CONDITIONS = DEBUG;
				SWIFT_OPTIMIZATION_LEVEL = "-Onone";
			};
			name = Debug;
		};
		D927CC5427D337DA00E25DF5 /* Release */ = {
			isa = XCBuildConfiguration;
			buildSettings = {
				ALWAYS_SEARCH_USER_PATHS = NO;
				ASSETCATALOG_COMPILER_APPICON_NAME = "";
				ASSETCATALOG_COMPILER_LAUNCHIMAGE_NAME = "";
				CLANG_ANALYZER_LOCALIZABILITY_NONLOCALIZED = YES;
				CLANG_ANALYZER_NONNULL = YES;
				CLANG_ANALYZER_NUMBER_OBJECT_CONVERSION = YES_AGGRESSIVE;
				CLANG_CXX_LANGUAGE_STANDARD = "gnu++17";
				CLANG_CXX_LIBRARY = "libc++";
				CLANG_ENABLE_MODULES = YES;
				CLANG_ENABLE_OBJC_ARC = YES;
				CLANG_ENABLE_OBJC_WEAK = YES;
				CLANG_WARN_BLOCK_CAPTURE_AUTORELEASING = YES;
				CLANG_WARN_BOOL_CONVERSION = YES;
				CLANG_WARN_COMMA = YES;
				CLANG_WARN_CONSTANT_CONVERSION = YES;
				CLANG_WARN_DEPRECATED_OBJC_IMPLEMENTATIONS = YES;
				CLANG_WARN_DIRECT_OBJC_ISA_USAGE = YES_ERROR;
				CLANG_WARN_DOCUMENTATION_COMMENTS = YES;
				CLANG_WARN_EMPTY_BODY = YES;
				CLANG_WARN_ENUM_CONVERSION = YES;
				CLANG_WARN_INFINITE_RECURSION = YES;
				CLANG_WARN_INT_CONVERSION = YES;
				CLANG_WARN_NON_LITERAL_NULL_CONVERSION = YES;
				CLANG_WARN_OBJC_IMPLICIT_RETAIN_SELF = YES;
				CLANG_WARN_OBJC_LITERAL_CONVERSION = YES;
				CLANG_WARN_OBJC_ROOT_CLASS = YES_ERROR;
				CLANG_WARN_QUOTED_INCLUDE_IN_FRAMEWORK_HEADER = YES;
				CLANG_WARN_RANGE_LOOP_ANALYSIS = YES;
				CLANG_WARN_STRICT_PROTOTYPES = YES;
				CLANG_WARN_SUSPICIOUS_MOVE = YES;
				CLANG_WARN_UNGUARDED_AVAILABILITY = YES_AGGRESSIVE;
				CLANG_WARN_UNREACHABLE_CODE = YES;
				CLANG_WARN__DUPLICATE_METHOD_MATCH = YES;
				COPY_PHASE_STRIP = NO;
				DEBUG_INFORMATION_FORMAT = "dwarf-with-dsym";
				ENABLE_NS_ASSERTIONS = NO;
				ENABLE_STRICT_OBJC_MSGSEND = YES;
				GCC_C_LANGUAGE_STANDARD = gnu11;
				GCC_NO_COMMON_BLOCKS = YES;
				GCC_WARN_64_TO_32_BIT_CONVERSION = YES;
				GCC_WARN_ABOUT_RETURN_TYPE = YES_ERROR;
				GCC_WARN_UNDECLARED_SELECTOR = YES;
				GCC_WARN_UNINITIALIZED_AUTOS = YES_AGGRESSIVE;
				GCC_WARN_UNUSED_FUNCTION = YES;
				GCC_WARN_UNUSED_VARIABLE = YES;
				INFOPLIST_KEY_UILaunchScreen_Generation = YES;
				IPHONEOS_DEPLOYMENT_TARGET = 15.2;
				MTL_ENABLE_DEBUG_INFO = NO;
				MTL_FAST_MATH = YES;
				SDKROOT = iphoneos;
				SWIFT_COMPILATION_MODE = wholemodule;
				SWIFT_OPTIMIZATION_LEVEL = "-O";
				VALIDATE_PRODUCT = YES;
			};
			name = Release;
		};
		D927CC5627D337DA00E25DF5 /* Debug */ = {
			isa = XCBuildConfiguration;
			buildSettings = {
				ASSETCATALOG_COMPILER_APPICON_NAME = AppIcon;
				ASSETCATALOG_COMPILER_GLOBAL_ACCENT_COLOR_NAME = AccentColor;
				ASSETCATALOG_COMPILER_LAUNCHIMAGE_NAME = "";
				CODE_SIGN_STYLE = Automatic;
				CURRENT_PROJECT_VERSION = 1;
				DEVELOPMENT_TEAM = 5739JK8FU3;
				GENERATE_INFOPLIST_FILE = YES;
				INFOPLIST_FILE = WeatherApp/SupportingFiles/Info.plist;
				INFOPLIST_KEY_CFBundleDisplayName = Weather;
				INFOPLIST_KEY_NSLocationAlwaysAndWhenInUseUsageDescription = "Need for work";
				INFOPLIST_KEY_NSLocationAlwaysUsageDescription = "Need for work";
				INFOPLIST_KEY_NSLocationUsageDescription = "Need for work";
				INFOPLIST_KEY_NSLocationWhenInUseUsageDescription = "Need for work";
				INFOPLIST_KEY_UIApplicationSupportsIndirectInputEvents = YES;
				INFOPLIST_KEY_UILaunchScreen_Generation = YES;
				INFOPLIST_KEY_UILaunchStoryboardName = LaunchScreen;
				INFOPLIST_KEY_UIStatusBarStyle = UIStatusBarStyleDarkContent;
				INFOPLIST_KEY_UISupportedInterfaceOrientations = UIInterfaceOrientationPortrait;
				IPHONEOS_DEPLOYMENT_TARGET = 15.0;
				LD_RUNPATH_SEARCH_PATHS = (
					"$(inherited)",
					"@executable_path/Frameworks",
				);
				MARKETING_VERSION = 1.0;
				PRODUCT_BUNDLE_IDENTIFIER = DmSt.WeatherApp;
				PRODUCT_NAME = "$(TARGET_NAME)";
				SUPPORTED_PLATFORMS = "iphoneos iphonesimulator";
				SUPPORTS_MACCATALYST = NO;
				SUPPORTS_MAC_DESIGNED_FOR_IPHONE_IPAD = NO;
				SWIFT_EMIT_LOC_STRINGS = YES;
				SWIFT_VERSION = 5.0;
				TARGETED_DEVICE_FAMILY = 1;
			};
			name = Debug;
		};
		D927CC5727D337DA00E25DF5 /* Release */ = {
			isa = XCBuildConfiguration;
			buildSettings = {
				ASSETCATALOG_COMPILER_APPICON_NAME = AppIcon;
				ASSETCATALOG_COMPILER_GLOBAL_ACCENT_COLOR_NAME = AccentColor;
				ASSETCATALOG_COMPILER_LAUNCHIMAGE_NAME = "";
				CODE_SIGN_STYLE = Automatic;
				CURRENT_PROJECT_VERSION = 1;
				DEVELOPMENT_TEAM = 5739JK8FU3;
				GENERATE_INFOPLIST_FILE = YES;
				INFOPLIST_FILE = WeatherApp/SupportingFiles/Info.plist;
				INFOPLIST_KEY_CFBundleDisplayName = Weather;
				INFOPLIST_KEY_NSLocationAlwaysAndWhenInUseUsageDescription = "Need for work";
				INFOPLIST_KEY_NSLocationAlwaysUsageDescription = "Need for work";
				INFOPLIST_KEY_NSLocationUsageDescription = "Need for work";
				INFOPLIST_KEY_NSLocationWhenInUseUsageDescription = "Need for work";
				INFOPLIST_KEY_UIApplicationSupportsIndirectInputEvents = YES;
				INFOPLIST_KEY_UILaunchScreen_Generation = YES;
				INFOPLIST_KEY_UILaunchStoryboardName = LaunchScreen;
				INFOPLIST_KEY_UIStatusBarStyle = UIStatusBarStyleDarkContent;
				INFOPLIST_KEY_UISupportedInterfaceOrientations = UIInterfaceOrientationPortrait;
				IPHONEOS_DEPLOYMENT_TARGET = 15.0;
				LD_RUNPATH_SEARCH_PATHS = (
					"$(inherited)",
					"@executable_path/Frameworks",
				);
				MARKETING_VERSION = 1.0;
				PRODUCT_BUNDLE_IDENTIFIER = DmSt.WeatherApp;
				PRODUCT_NAME = "$(TARGET_NAME)";
				SUPPORTED_PLATFORMS = "iphoneos iphonesimulator";
				SUPPORTS_MACCATALYST = NO;
				SUPPORTS_MAC_DESIGNED_FOR_IPHONE_IPAD = NO;
				SWIFT_EMIT_LOC_STRINGS = YES;
				SWIFT_VERSION = 5.0;
				TARGETED_DEVICE_FAMILY = 1;
			};
			name = Release;
		};
/* End XCBuildConfiguration section */

/* Begin XCConfigurationList section */
		D927CC3C27D337D900E25DF5 /* Build configuration list for PBXProject "WeatherApp" */ = {
			isa = XCConfigurationList;
			buildConfigurations = (
				D927CC5327D337DA00E25DF5 /* Debug */,
				D927CC5427D337DA00E25DF5 /* Release */,
			);
			defaultConfigurationIsVisible = 0;
			defaultConfigurationName = Release;
		};
		D927CC5527D337DA00E25DF5 /* Build configuration list for PBXNativeTarget "tms-14-WeatherApp" */ = {
			isa = XCConfigurationList;
			buildConfigurations = (
				D927CC5627D337DA00E25DF5 /* Debug */,
				D927CC5727D337DA00E25DF5 /* Release */,
			);
			defaultConfigurationIsVisible = 0;
			defaultConfigurationName = Release;
		};
/* End XCConfigurationList section */
	};
	rootObject = D927CC3927D337D900E25DF5 /* Project object */;
}
